
Microsoft Visual Studio Solution File, Format Version 12.00
# Visual Studio Version 16
VisualStudioVersion = 16.0.32106.194
MinimumVisualStudioVersion = 10.0.40219.1
Project("{FAE04EC0-301F-11D3-BF4B-00C04F79EFBC}") = "ConsoleApp15", "ConsoleApp15\ConsoleApp15.csproj", "{EFCD7E0F-35E0-4C52-B331-9195B96807EB}"
EndProject
Global
	GlobalSection(SolutionConfigurationPlatforms) = preSolution
		Debug|Any CPU = Debug|Any CPU
		Release|Any CPU = Release|Any CPU
	EndGlobalSection
	GlobalSection(ProjectConfigurationPlatforms) = postSolution
		{EFCD7E0F-35E0-4C52-B331-9195B96807EB}.Debug|Any CPU.ActiveCfg = Debug|Any CPU
		{EFCD7E0F-35E0-4C52-B331-9195B96807EB}.Debug|Any CPU.Build.0 = Debug|Any CPU
		{EFCD7E0F-35E0-4C52-B331-9195B96807EB}.Release|Any CPU.ActiveCfg = Release|Any CPU
		{EFCD7E0F-35E0-4C52-B331-9195B96807EB}.Release|Any CPU.Build.0 = Release|Any CPU
	EndGlobalSection
	GlobalSection(SolutionProperties) = preSolution
		HideSolutionNode = FALSE
	EndGlobalSection
	GlobalSection(ExtensibilityGlobals) = postSolution
		SolutionGuid = {30E9C0F6-9AFB-4253-8CE2-18BD1B342F60}
	EndGlobalSection
EndGlobal
